// !$*UTF8*$!
{
	archiveVersion = 1;
	classes = {
	};
	objectVersion = 46;
	objects = {

/* Begin PBXBuildFile section */
		4D02DEFD1E351B5B0076B2F8 /* ValidationErrorButton.m in Sources */ = {isa = PBXBuildFile; fileRef = 4D02DEFC1E351B5B0076B2F8 /* ValidationErrorButton.m */; };
		4D02DF001E351F7A0076B2F8 /* ValidationPopOverController.m in Sources */ = {isa = PBXBuildFile; fileRef = 4D02DEFF1E351F7A0076B2F8 /* ValidationPopOverController.m */; };
		4D3F05321E326DDF00CA1C2A /* Helpers.m in Sources */ = {isa = PBXBuildFile; fileRef = 4D3F05311E326DDF00CA1C2A /* Helpers.m */; };
		4D3F053C1E3274E200CA1C2A /* DerivePassTests.m in Sources */ = {isa = PBXBuildFile; fileRef = 4D3F053B1E3274E200CA1C2A /* DerivePassTests.m */; };
		4D6349C31E2BFBD10051D4DF /* CloudKit.framework in Frameworks */ = {isa = PBXBuildFile; fileRef = 4D6349C21E2BFBD10051D4DF /* CloudKit.framework */; };
		4D6349D21E2D218F0051D4DF /* DerivePass.xcdatamodeld in Sources */ = {isa = PBXBuildFile; fileRef = 4D6349D01E2D218F0051D4DF /* DerivePass.xcdatamodeld */; };
		4D6349DB1E2D2E380051D4DF /* TutorialPageViewController.m in Sources */ = {isa = PBXBuildFile; fileRef = 4D6349DA1E2D2E380051D4DF /* TutorialPageViewController.m */; };
		4D6349DE1E2D2E680051D4DF /* TutorialViewController.m in Sources */ = {isa = PBXBuildFile; fileRef = 4D6349DD1E2D2E680051D4DF /* TutorialViewController.m */; };
		4D6349E11E2D45690051D4DF /* TutorialFinalViewController.m in Sources */ = {isa = PBXBuildFile; fileRef = 4D6349E01E2D45690051D4DF /* TutorialFinalViewController.m */; };
		4D73B7CB1E33303000F3CF87 /* DerivePassUITests.m in Sources */ = {isa = PBXBuildFile; fileRef = 4D73B7CA1E33303000F3CF87 /* DerivePassUITests.m */; };
		4D73B7D31E333DAF00F3CF87 /* common.c in Sources */ = {isa = PBXBuildFile; fileRef = 4D8F98051E29DAA40070B586 /* common.c */; };
		4D73B7D41E333DAF00F3CF87 /* util.c in Sources */ = {isa = PBXBuildFile; fileRef = 4D8F98071E29DAA40070B586 /* util.c */; };
		4D73B7D91E333E3100F3CF87 /* scrypt.framework in Frameworks */ = {isa = PBXBuildFile; fileRef = 4D8F98031E29DA780070B586 /* scrypt.framework */; };
		4D8F97E81E29D9FF0070B586 /* main.m in Sources */ = {isa = PBXBuildFile; fileRef = 4D8F97E71E29D9FF0070B586 /* main.m */; };
		4D8F97EB1E29D9FF0070B586 /* AppDelegate.m in Sources */ = {isa = PBXBuildFile; fileRef = 4D8F97EA1E29D9FF0070B586 /* AppDelegate.m */; };
		4D8F97EE1E29D9FF0070B586 /* PasswordViewController.m in Sources */ = {isa = PBXBuildFile; fileRef = 4D8F97ED1E29D9FF0070B586 /* PasswordViewController.m */; };
		4D8F97F11E29D9FF0070B586 /* Main.storyboard in Resources */ = {isa = PBXBuildFile; fileRef = 4D8F97EF1E29D9FF0070B586 /* Main.storyboard */; };
		4D8F97F61E29D9FF0070B586 /* Assets.xcassets in Resources */ = {isa = PBXBuildFile; fileRef = 4D8F97F51E29D9FF0070B586 /* Assets.xcassets */; };
		4D8F97F91E29D9FF0070B586 /* LaunchScreen.storyboard in Resources */ = {isa = PBXBuildFile; fileRef = 4D8F97F71E29D9FF0070B586 /* LaunchScreen.storyboard */; };
		4D8F98041E29DA780070B586 /* scrypt.framework in Frameworks */ = {isa = PBXBuildFile; fileRef = 4D8F98031E29DA780070B586 /* scrypt.framework */; };
		4D8F980A1E29DAA40070B586 /* common.c in Sources */ = {isa = PBXBuildFile; fileRef = 4D8F98051E29DAA40070B586 /* common.c */; };
		4D8F980B1E29DAA40070B586 /* util.c in Sources */ = {isa = PBXBuildFile; fileRef = 4D8F98071E29DAA40070B586 /* util.c */; };
		4D94A8451E31452500D5E202 /* Application+CoreDataClass.m in Sources */ = {isa = PBXBuildFile; fileRef = 4D94A8421E31452500D5E202 /* Application+CoreDataClass.m */; };
		4D94A8461E31452500D5E202 /* Application+CoreDataProperties.m in Sources */ = {isa = PBXBuildFile; fileRef = 4D94A8441E31452500D5E202 /* Application+CoreDataProperties.m */; };
		4D94A84C1E31B6A400D5E202 /* AESCryptor.m in Sources */ = {isa = PBXBuildFile; fileRef = 4D94A84B1E31B6A400D5E202 /* AESCryptor.m */; };
		4DE570331E2A9DF100D55FBA /* ApplicationsTableViewController.m in Sources */ = {isa = PBXBuildFile; fileRef = 4DE570321E2A9DF100D55FBA /* ApplicationsTableViewController.m */; };
		4DE5703F1E2AB7F600D55FBA /* EditApplicationTableViewController.m in Sources */ = {isa = PBXBuildFile; fileRef = 4DE5703E1E2AB7F600D55FBA /* EditApplicationTableViewController.m */; };
		4DE570421E2AD6DF00D55FBA /* ApplicationTableViewCell.m in Sources */ = {isa = PBXBuildFile; fileRef = 4DE570411E2AD6DF00D55FBA /* ApplicationTableViewCell.m */; };
		4DE570481E2ADA0600D55FBA /* (null) in Sources */ = {isa = PBXBuildFile; };
		4DE5704B1E2AE47500D55FBA /* ApplicationDataController.m in Sources */ = {isa = PBXBuildFile; fileRef = 4DE5704A1E2AE47500D55FBA /* ApplicationDataController.m */; };
/* End PBXBuildFile section */

/* Begin PBXContainerItemProxy section */
		4D3F053E1E3274E200CA1C2A /* PBXContainerItemProxy */ = {
			isa = PBXContainerItemProxy;
			containerPortal = 4D8F97DB1E29D9FF0070B586 /* Project object */;
			proxyType = 1;
			remoteGlobalIDString = 4D8F97E21E29D9FF0070B586;
			remoteInfo = DerivePass;
		};
		4D73B7CD1E33303000F3CF87 /* PBXContainerItemProxy */ = {
			isa = PBXContainerItemProxy;
			containerPortal = 4D8F97DB1E29D9FF0070B586 /* Project object */;
			proxyType = 1;
			remoteGlobalIDString = 4D8F97E21E29D9FF0070B586;
			remoteInfo = DerivePass;
		};
/* End PBXContainerItemProxy section */

/* Begin PBXFileReference section */
		4D02DEFB1E351B5B0076B2F8 /* ValidationErrorButton.h */ = {isa = PBXFileReference; fileEncoding = 4; lastKnownFileType = sourcecode.c.h; path = ValidationErrorButton.h; sourceTree = "<group>"; };
		4D02DEFC1E351B5B0076B2F8 /* ValidationErrorButton.m */ = {isa = PBXFileReference; fileEncoding = 4; lastKnownFileType = sourcecode.c.objc; path = ValidationErrorButton.m; sourceTree = "<group>"; };
		4D02DEFE1E351F7A0076B2F8 /* ValidationPopOverController.h */ = {isa = PBXFileReference; fileEncoding = 4; lastKnownFileType = sourcecode.c.h; path = ValidationPopOverController.h; sourceTree = "<group>"; };
		4D02DEFF1E351F7A0076B2F8 /* ValidationPopOverController.m */ = {isa = PBXFileReference; fileEncoding = 4; lastKnownFileType = sourcecode.c.objc; path = ValidationPopOverController.m; sourceTree = "<group>"; };
		4D3F05301E326DDF00CA1C2A /* Helpers.h */ = {isa = PBXFileReference; fileEncoding = 4; lastKnownFileType = sourcecode.c.h; path = Helpers.h; sourceTree = "<group>"; };
		4D3F05311E326DDF00CA1C2A /* Helpers.m */ = {isa = PBXFileReference; fileEncoding = 4; lastKnownFileType = sourcecode.c.objc; path = Helpers.m; sourceTree = "<group>"; };
		4D3F05391E3274E200CA1C2A /* DerivePassTests.xctest */ = {isa = PBXFileReference; explicitFileType = wrapper.cfbundle; includeInIndex = 0; path = DerivePassTests.xctest; sourceTree = BUILT_PRODUCTS_DIR; };
		4D3F053B1E3274E200CA1C2A /* DerivePassTests.m */ = {isa = PBXFileReference; lastKnownFileType = sourcecode.c.objc; path = DerivePassTests.m; sourceTree = "<group>"; };
		4D3F053D1E3274E200CA1C2A /* Info.plist */ = {isa = PBXFileReference; lastKnownFileType = text.plist.xml; path = Info.plist; sourceTree = "<group>"; };
		4D6349BD1E2BF1550051D4DF /* DerivePass.entitlements */ = {isa = PBXFileReference; lastKnownFileType = text.plist.entitlements; path = DerivePass.entitlements; sourceTree = "<group>"; };
		4D6349C21E2BFBD10051D4DF /* CloudKit.framework */ = {isa = PBXFileReference; lastKnownFileType = wrapper.framework; name = CloudKit.framework; path = System/Library/Frameworks/CloudKit.framework; sourceTree = SDKROOT; };
		4D6349D11E2D218F0051D4DF /* DerivePass.xcdatamodel */ = {isa = PBXFileReference; lastKnownFileType = wrapper.xcdatamodel; path = DerivePass.xcdatamodel; sourceTree = "<group>"; };
		4D6349D91E2D2E380051D4DF /* TutorialPageViewController.h */ = {isa = PBXFileReference; fileEncoding = 4; lastKnownFileType = sourcecode.c.h; path = TutorialPageViewController.h; sourceTree = "<group>"; };
		4D6349DA1E2D2E380051D4DF /* TutorialPageViewController.m */ = {isa = PBXFileReference; fileEncoding = 4; lastKnownFileType = sourcecode.c.objc; path = TutorialPageViewController.m; sourceTree = "<group>"; };
		4D6349DC1E2D2E680051D4DF /* TutorialViewController.h */ = {isa = PBXFileReference; fileEncoding = 4; lastKnownFileType = sourcecode.c.h; path = TutorialViewController.h; sourceTree = "<group>"; };
		4D6349DD1E2D2E680051D4DF /* TutorialViewController.m */ = {isa = PBXFileReference; fileEncoding = 4; lastKnownFileType = sourcecode.c.objc; path = TutorialViewController.m; sourceTree = "<group>"; };
		4D6349DF1E2D45690051D4DF /* TutorialFinalViewController.h */ = {isa = PBXFileReference; fileEncoding = 4; lastKnownFileType = sourcecode.c.h; path = TutorialFinalViewController.h; sourceTree = "<group>"; };
		4D6349E01E2D45690051D4DF /* TutorialFinalViewController.m */ = {isa = PBXFileReference; fileEncoding = 4; lastKnownFileType = sourcecode.c.objc; path = TutorialFinalViewController.m; sourceTree = "<group>"; };
		4D73B7C81E33303000F3CF87 /* DerivePassUITests.xctest */ = {isa = PBXFileReference; explicitFileType = wrapper.cfbundle; includeInIndex = 0; path = DerivePassUITests.xctest; sourceTree = BUILT_PRODUCTS_DIR; };
		4D73B7CA1E33303000F3CF87 /* DerivePassUITests.m */ = {isa = PBXFileReference; lastKnownFileType = sourcecode.c.objc; path = DerivePassUITests.m; sourceTree = "<group>"; };
		4D73B7CC1E33303000F3CF87 /* Info.plist */ = {isa = PBXFileReference; lastKnownFileType = text.plist.xml; path = Info.plist; sourceTree = "<group>"; };
		4D8F97E31E29D9FF0070B586 /* DerivePass.app */ = {isa = PBXFileReference; explicitFileType = wrapper.application; includeInIndex = 0; path = DerivePass.app; sourceTree = BUILT_PRODUCTS_DIR; };
		4D8F97E71E29D9FF0070B586 /* main.m */ = {isa = PBXFileReference; lastKnownFileType = sourcecode.c.objc; path = main.m; sourceTree = "<group>"; };
		4D8F97E91E29D9FF0070B586 /* AppDelegate.h */ = {isa = PBXFileReference; lastKnownFileType = sourcecode.c.h; path = AppDelegate.h; sourceTree = "<group>"; };
		4D8F97EA1E29D9FF0070B586 /* AppDelegate.m */ = {isa = PBXFileReference; lastKnownFileType = sourcecode.c.objc; path = AppDelegate.m; sourceTree = "<group>"; };
		4D8F97EC1E29D9FF0070B586 /* PasswordViewController.h */ = {isa = PBXFileReference; lastKnownFileType = sourcecode.c.h; path = PasswordViewController.h; sourceTree = "<group>"; };
		4D8F97ED1E29D9FF0070B586 /* PasswordViewController.m */ = {isa = PBXFileReference; lastKnownFileType = sourcecode.c.objc; path = PasswordViewController.m; sourceTree = "<group>"; };
		4D8F97F01E29D9FF0070B586 /* Base */ = {isa = PBXFileReference; lastKnownFileType = file.storyboard; name = Base; path = Base.lproj/Main.storyboard; sourceTree = "<group>"; };
		4D8F97F51E29D9FF0070B586 /* Assets.xcassets */ = {isa = PBXFileReference; lastKnownFileType = folder.assetcatalog; path = Assets.xcassets; sourceTree = "<group>"; };
		4D8F97F81E29D9FF0070B586 /* Base */ = {isa = PBXFileReference; lastKnownFileType = file.storyboard; name = Base; path = Base.lproj/LaunchScreen.storyboard; sourceTree = "<group>"; };
		4D8F97FA1E29D9FF0070B586 /* Info.plist */ = {isa = PBXFileReference; lastKnownFileType = text.plist.xml; path = Info.plist; sourceTree = "<group>"; };
		4D8F98011E29DA5D0070B586 /* deps */ = {isa = PBXFileReference; lastKnownFileType = folder; name = deps; path = ../../deps; sourceTree = "<group>"; };
		4D8F98031E29DA780070B586 /* scrypt.framework */ = {isa = PBXFileReference; lastKnownFileType = wrapper.framework; name = scrypt.framework; path = ../../deps/scrypt/out/Release/iphoneos/scrypt.framework; sourceTree = "<group>"; };
		4D8F98051E29DAA40070B586 /* common.c */ = {isa = PBXFileReference; fileEncoding = 4; lastKnownFileType = sourcecode.c.c; name = common.c; path = ../../../src/common.c; sourceTree = "<group>"; };
		4D8F98061E29DAA40070B586 /* common.h */ = {isa = PBXFileReference; fileEncoding = 4; lastKnownFileType = sourcecode.c.h; name = common.h; path = ../../../src/common.h; sourceTree = "<group>"; };
		4D8F98071E29DAA40070B586 /* util.c */ = {isa = PBXFileReference; fileEncoding = 4; lastKnownFileType = sourcecode.c.c; name = util.c; path = ../../../src/util.c; sourceTree = "<group>"; };
		4D8F98081E29DAA40070B586 /* util.h */ = {isa = PBXFileReference; fileEncoding = 4; lastKnownFileType = sourcecode.c.h; name = util.h; path = ../../../src/util.h; sourceTree = "<group>"; };
		4D8F98091E29DAA40070B586 /* version.h */ = {isa = PBXFileReference; fileEncoding = 4; lastKnownFileType = sourcecode.c.h; name = version.h; path = ../../../src/version.h; sourceTree = "<group>"; };
		4D94A8411E31452500D5E202 /* Application+CoreDataClass.h */ = {isa = PBXFileReference; fileEncoding = 4; lastKnownFileType = sourcecode.c.h; path = "Application+CoreDataClass.h"; sourceTree = "<group>"; };
		4D94A8421E31452500D5E202 /* Application+CoreDataClass.m */ = {isa = PBXFileReference; fileEncoding = 4; lastKnownFileType = sourcecode.c.objc; path = "Application+CoreDataClass.m"; sourceTree = "<group>"; };
		4D94A8431E31452500D5E202 /* Application+CoreDataProperties.h */ = {isa = PBXFileReference; fileEncoding = 4; lastKnownFileType = sourcecode.c.h; path = "Application+CoreDataProperties.h"; sourceTree = "<group>"; };
		4D94A8441E31452500D5E202 /* Application+CoreDataProperties.m */ = {isa = PBXFileReference; fileEncoding = 4; lastKnownFileType = sourcecode.c.objc; path = "Application+CoreDataProperties.m"; sourceTree = "<group>"; };
		4D94A84A1E31B6A400D5E202 /* AESCryptor.h */ = {isa = PBXFileReference; fileEncoding = 4; lastKnownFileType = sourcecode.c.h; path = AESCryptor.h; sourceTree = "<group>"; };
		4D94A84B1E31B6A400D5E202 /* AESCryptor.m */ = {isa = PBXFileReference; fileEncoding = 4; lastKnownFileType = sourcecode.c.objc; path = AESCryptor.m; sourceTree = "<group>"; };
		4DE570311E2A9DF100D55FBA /* ApplicationsTableViewController.h */ = {isa = PBXFileReference; fileEncoding = 4; lastKnownFileType = sourcecode.c.h; path = ApplicationsTableViewController.h; sourceTree = "<group>"; };
		4DE570321E2A9DF100D55FBA /* ApplicationsTableViewController.m */ = {isa = PBXFileReference; fileEncoding = 4; lastKnownFileType = sourcecode.c.objc; path = ApplicationsTableViewController.m; sourceTree = "<group>"; };
		4DE5703D1E2AB7F600D55FBA /* EditApplicationTableViewController.h */ = {isa = PBXFileReference; fileEncoding = 4; lastKnownFileType = sourcecode.c.h; path = EditApplicationTableViewController.h; sourceTree = "<group>"; };
		4DE5703E1E2AB7F600D55FBA /* EditApplicationTableViewController.m */ = {isa = PBXFileReference; fileEncoding = 4; lastKnownFileType = sourcecode.c.objc; path = EditApplicationTableViewController.m; sourceTree = "<group>"; };
		4DE570401E2AD6DF00D55FBA /* ApplicationTableViewCell.h */ = {isa = PBXFileReference; fileEncoding = 4; lastKnownFileType = sourcecode.c.h; path = ApplicationTableViewCell.h; sourceTree = "<group>"; };
		4DE570411E2AD6DF00D55FBA /* ApplicationTableViewCell.m */ = {isa = PBXFileReference; fileEncoding = 4; lastKnownFileType = sourcecode.c.objc; path = ApplicationTableViewCell.m; sourceTree = "<group>"; };
		4DE570491E2AE47500D55FBA /* ApplicationDataController.h */ = {isa = PBXFileReference; fileEncoding = 4; lastKnownFileType = sourcecode.c.h; path = ApplicationDataController.h; sourceTree = "<group>"; };
		4DE5704A1E2AE47500D55FBA /* ApplicationDataController.m */ = {isa = PBXFileReference; fileEncoding = 4; lastKnownFileType = sourcecode.c.objc; path = ApplicationDataController.m; sourceTree = "<group>"; };
/* End PBXFileReference section */

/* Begin PBXFrameworksBuildPhase section */
		4D3F05361E3274E200CA1C2A /* Frameworks */ = {
			isa = PBXFrameworksBuildPhase;
			buildActionMask = 2147483647;
			files = (
			);
			runOnlyForDeploymentPostprocessing = 0;
		};
		4D73B7C51E33303000F3CF87 /* Frameworks */ = {
			isa = PBXFrameworksBuildPhase;
			buildActionMask = 2147483647;
			files = (
				4D73B7D91E333E3100F3CF87 /* scrypt.framework in Frameworks */,
			);
			runOnlyForDeploymentPostprocessing = 0;
		};
		4D8F97E01E29D9FF0070B586 /* Frameworks */ = {
			isa = PBXFrameworksBuildPhase;
			buildActionMask = 2147483647;
			files = (
				4D8F98041E29DA780070B586 /* scrypt.framework in Frameworks */,
				4D6349C31E2BFBD10051D4DF /* CloudKit.framework in Frameworks */,
			);
			runOnlyForDeploymentPostprocessing = 0;
		};
/* End PBXFrameworksBuildPhase section */

/* Begin PBXGroup section */
		4D3F053A1E3274E200CA1C2A /* DerivePassTests */ = {
			isa = PBXGroup;
			children = (
				4D3F053B1E3274E200CA1C2A /* DerivePassTests.m */,
				4D3F053D1E3274E200CA1C2A /* Info.plist */,
			);
			path = DerivePassTests;
			sourceTree = "<group>";
		};
		4D73B7C91E33303000F3CF87 /* DerivePassUITests */ = {
			isa = PBXGroup;
			children = (
				4D73B7CA1E33303000F3CF87 /* DerivePassUITests.m */,
				4D73B7CC1E33303000F3CF87 /* Info.plist */,
			);
			path = DerivePassUITests;
			sourceTree = "<group>";
		};
		4D8F97DA1E29D9FF0070B586 = {
			isa = PBXGroup;
			children = (
				4D8F97E51E29D9FF0070B586 /* DerivePass */,
				4D3F053A1E3274E200CA1C2A /* DerivePassTests */,
				4D73B7C91E33303000F3CF87 /* DerivePassUITests */,
				4D8F97E41E29D9FF0070B586 /* Products */,
				4D8F98001E29DA5D0070B586 /* Frameworks */,
			);
			indentWidth = 2;
			sourceTree = "<group>";
			tabWidth = 2;
			usesTabs = 0;
		};
		4D8F97E41E29D9FF0070B586 /* Products */ = {
			isa = PBXGroup;
			children = (
				4D8F97E31E29D9FF0070B586 /* DerivePass.app */,
				4D3F05391E3274E200CA1C2A /* DerivePassTests.xctest */,
				4D73B7C81E33303000F3CF87 /* DerivePassUITests.xctest */,
			);
			name = Products;
			sourceTree = "<group>";
		};
		4D8F97E51E29D9FF0070B586 /* DerivePass */ = {
			isa = PBXGroup;
			children = (
				4D8F97FA1E29D9FF0070B586 /* Info.plist */,
				4D6349BD1E2BF1550051D4DF /* DerivePass.entitlements */,
				4D6349D01E2D218F0051D4DF /* DerivePass.xcdatamodeld */,
				4D8F97F71E29D9FF0070B586 /* LaunchScreen.storyboard */,
				4D8F97EF1E29D9FF0070B586 /* Main.storyboard */,
				4D8F97F51E29D9FF0070B586 /* Assets.xcassets */,
				4D8F97E61E29D9FF0070B586 /* Supporting Files */,
				4DE570241E2A6ECE00D55FBA /* libderivepass */,
				4D8F97E91E29D9FF0070B586 /* AppDelegate.h */,
				4D8F97EA1E29D9FF0070B586 /* AppDelegate.m */,
				4D94A8411E31452500D5E202 /* Application+CoreDataClass.h */,
				4D94A8421E31452500D5E202 /* Application+CoreDataClass.m */,
				4D94A8431E31452500D5E202 /* Application+CoreDataProperties.h */,
				4D94A8441E31452500D5E202 /* Application+CoreDataProperties.m */,
				4DE570491E2AE47500D55FBA /* ApplicationDataController.h */,
				4DE5704A1E2AE47500D55FBA /* ApplicationDataController.m */,
				4D94A84A1E31B6A400D5E202 /* AESCryptor.h */,
				4D94A84B1E31B6A400D5E202 /* AESCryptor.m */,
				4DE570401E2AD6DF00D55FBA /* ApplicationTableViewCell.h */,
				4DE570411E2AD6DF00D55FBA /* ApplicationTableViewCell.m */,
				4DE570311E2A9DF100D55FBA /* ApplicationsTableViewController.h */,
				4DE570321E2A9DF100D55FBA /* ApplicationsTableViewController.m */,
				4DE5703D1E2AB7F600D55FBA /* EditApplicationTableViewController.h */,
				4DE5703E1E2AB7F600D55FBA /* EditApplicationTableViewController.m */,
				4D3F05301E326DDF00CA1C2A /* Helpers.h */,
				4D3F05311E326DDF00CA1C2A /* Helpers.m */,
				4D8F97EC1E29D9FF0070B586 /* PasswordViewController.h */,
				4D8F97ED1E29D9FF0070B586 /* PasswordViewController.m */,
				4D6349D91E2D2E380051D4DF /* TutorialPageViewController.h */,
				4D6349DA1E2D2E380051D4DF /* TutorialPageViewController.m */,
				4D6349DC1E2D2E680051D4DF /* TutorialViewController.h */,
				4D6349DD1E2D2E680051D4DF /* TutorialViewController.m */,
				4D6349DF1E2D45690051D4DF /* TutorialFinalViewController.h */,
				4D6349E01E2D45690051D4DF /* TutorialFinalViewController.m */,
				4D02DEFB1E351B5B0076B2F8 /* ValidationErrorButton.h */,
				4D02DEFC1E351B5B0076B2F8 /* ValidationErrorButton.m */,
				4D02DEFE1E351F7A0076B2F8 /* ValidationPopOverController.h */,
				4D02DEFF1E351F7A0076B2F8 /* ValidationPopOverController.m */,
			);
			path = DerivePass;
			sourceTree = "<group>";
		};
		4D8F97E61E29D9FF0070B586 /* Supporting Files */ = {
			isa = PBXGroup;
			children = (
				4D8F97E71E29D9FF0070B586 /* main.m */,
			);
			name = "Supporting Files";
			sourceTree = "<group>";
		};
		4D8F98001E29DA5D0070B586 /* Frameworks */ = {
			isa = PBXGroup;
			children = (
				4D6349C21E2BFBD10051D4DF /* CloudKit.framework */,
				4D8F98031E29DA780070B586 /* scrypt.framework */,
				4D8F98011E29DA5D0070B586 /* deps */,
			);
			name = Frameworks;
			sourceTree = "<group>";
		};
		4DE570241E2A6ECE00D55FBA /* libderivepass */ = {
			isa = PBXGroup;
			children = (
				4D8F98051E29DAA40070B586 /* common.c */,
				4D8F98061E29DAA40070B586 /* common.h */,
				4D8F98071E29DAA40070B586 /* util.c */,
				4D8F98081E29DAA40070B586 /* util.h */,
				4D8F98091E29DAA40070B586 /* version.h */,
			);
			name = libderivepass;
			sourceTree = "<group>";
		};
/* End PBXGroup section */

/* Begin PBXNativeTarget section */
		4D3F05381E3274E200CA1C2A /* DerivePassTests */ = {
			isa = PBXNativeTarget;
			buildConfigurationList = 4D3F05401E3274E200CA1C2A /* Build configuration list for PBXNativeTarget "DerivePassTests" */;
			buildPhases = (
				4D3F05351E3274E200CA1C2A /* Sources */,
				4D3F05361E3274E200CA1C2A /* Frameworks */,
				4D3F05371E3274E200CA1C2A /* Resources */,
			);
			buildRules = (
			);
			dependencies = (
				4D3F053F1E3274E200CA1C2A /* PBXTargetDependency */,
			);
			name = DerivePassTests;
			productName = DerivePassTests;
			productReference = 4D3F05391E3274E200CA1C2A /* DerivePassTests.xctest */;
			productType = "com.apple.product-type.bundle.unit-test";
		};
		4D73B7C71E33303000F3CF87 /* DerivePassUITests */ = {
			isa = PBXNativeTarget;
			buildConfigurationList = 4D73B7D11E33303000F3CF87 /* Build configuration list for PBXNativeTarget "DerivePassUITests" */;
			buildPhases = (
				4D73B7C41E33303000F3CF87 /* Sources */,
				4D73B7C51E33303000F3CF87 /* Frameworks */,
				4D73B7C61E33303000F3CF87 /* Resources */,
			);
			buildRules = (
			);
			dependencies = (
				4D73B7CE1E33303000F3CF87 /* PBXTargetDependency */,
			);
			name = DerivePassUITests;
			productName = DerivePassUITests;
			productReference = 4D73B7C81E33303000F3CF87 /* DerivePassUITests.xctest */;
			productType = "com.apple.product-type.bundle.ui-testing";
		};
		4D8F97E21E29D9FF0070B586 /* DerivePass */ = {
			isa = PBXNativeTarget;
			buildConfigurationList = 4D8F97FD1E29D9FF0070B586 /* Build configuration list for PBXNativeTarget "DerivePass" */;
			buildPhases = (
				4D8F97DF1E29D9FF0070B586 /* Sources */,
				4D8F97E01E29D9FF0070B586 /* Frameworks */,
				4D8F97E11E29D9FF0070B586 /* Resources */,
			);
			buildRules = (
			);
			dependencies = (
			);
			name = DerivePass;
			productName = DerivePass;
			productReference = 4D8F97E31E29D9FF0070B586 /* DerivePass.app */;
			productType = "com.apple.product-type.application";
		};
/* End PBXNativeTarget section */

/* Begin PBXProject section */
		4D8F97DB1E29D9FF0070B586 /* Project object */ = {
			isa = PBXProject;
			attributes = {
				LastUpgradeCheck = 0820;
				ORGANIZATIONNAME = "Indutny Inc.";
				TargetAttributes = {
					4D3F05381E3274E200CA1C2A = {
						CreatedOnToolsVersion = 8.2.1;
						ProvisioningStyle = Automatic;
						TestTargetID = 4D8F97E21E29D9FF0070B586;
					};
					4D73B7C71E33303000F3CF87 = {
						CreatedOnToolsVersion = 8.2.1;
						ProvisioningStyle = Automatic;
						TestTargetID = 4D8F97E21E29D9FF0070B586;
					};
					4D8F97E21E29D9FF0070B586 = {
						CreatedOnToolsVersion = 8.2.1;
						DevelopmentTeam = VHWE95VV4E;
						ProvisioningStyle = Automatic;
						SystemCapabilities = {
							com.apple.DataProtection = {
								enabled = 1;
							};
							com.apple.Push = {
								enabled = 0;
							};
							com.apple.iCloud = {
								enabled = 1;
							};
						};
					};
				};
			};
			buildConfigurationList = 4D8F97DE1E29D9FF0070B586 /* Build configuration list for PBXProject "DerivePass" */;
			compatibilityVersion = "Xcode 3.2";
			developmentRegion = English;
			hasScannedForEncodings = 0;
			knownRegions = (
				en,
				Base,
			);
			mainGroup = 4D8F97DA1E29D9FF0070B586;
			productRefGroup = 4D8F97E41E29D9FF0070B586 /* Products */;
			projectDirPath = "";
			projectRoot = "";
			targets = (
				4D8F97E21E29D9FF0070B586 /* DerivePass */,
				4D3F05381E3274E200CA1C2A /* DerivePassTests */,
				4D73B7C71E33303000F3CF87 /* DerivePassUITests */,
			);
		};
/* End PBXProject section */

/* Begin PBXResourcesBuildPhase section */
		4D3F05371E3274E200CA1C2A /* Resources */ = {
			isa = PBXResourcesBuildPhase;
			buildActionMask = 2147483647;
			files = (
			);
			runOnlyForDeploymentPostprocessing = 0;
		};
		4D73B7C61E33303000F3CF87 /* Resources */ = {
			isa = PBXResourcesBuildPhase;
			buildActionMask = 2147483647;
			files = (
			);
			runOnlyForDeploymentPostprocessing = 0;
		};
		4D8F97E11E29D9FF0070B586 /* Resources */ = {
			isa = PBXResourcesBuildPhase;
			buildActionMask = 2147483647;
			files = (
				4D8F97F91E29D9FF0070B586 /* LaunchScreen.storyboard in Resources */,
				4D8F97F61E29D9FF0070B586 /* Assets.xcassets in Resources */,
				4D8F97F11E29D9FF0070B586 /* Main.storyboard in Resources */,
			);
			runOnlyForDeploymentPostprocessing = 0;
		};
/* End PBXResourcesBuildPhase section */

/* Begin PBXSourcesBuildPhase section */
		4D3F05351E3274E200CA1C2A /* Sources */ = {
			isa = PBXSourcesBuildPhase;
			buildActionMask = 2147483647;
			files = (
				4D3F053C1E3274E200CA1C2A /* DerivePassTests.m in Sources */,
			);
			runOnlyForDeploymentPostprocessing = 0;
		};
		4D73B7C41E33303000F3CF87 /* Sources */ = {
			isa = PBXSourcesBuildPhase;
			buildActionMask = 2147483647;
			files = (
				4D73B7CB1E33303000F3CF87 /* DerivePassUITests.m in Sources */,
				4D73B7D31E333DAF00F3CF87 /* common.c in Sources */,
				4D73B7D41E333DAF00F3CF87 /* util.c in Sources */,
			);
			runOnlyForDeploymentPostprocessing = 0;
		};
		4D8F97DF1E29D9FF0070B586 /* Sources */ = {
			isa = PBXSourcesBuildPhase;
			buildActionMask = 2147483647;
			files = (
				4D8F97EE1E29D9FF0070B586 /* PasswordViewController.m in Sources */,
				4D8F980A1E29DAA40070B586 /* common.c in Sources */,
				4D02DEFD1E351B5B0076B2F8 /* ValidationErrorButton.m in Sources */,
				4D8F97EB1E29D9FF0070B586 /* AppDelegate.m in Sources */,
				4D8F97E81E29D9FF0070B586 /* main.m in Sources */,
				4D94A8461E31452500D5E202 /* Application+CoreDataProperties.m in Sources */,
				4D02DF001E351F7A0076B2F8 /* ValidationPopOverController.m in Sources */,
				4DE5703F1E2AB7F600D55FBA /* EditApplicationTableViewController.m in Sources */,
				4DE570331E2A9DF100D55FBA /* ApplicationsTableViewController.m in Sources */,
				4DE570421E2AD6DF00D55FBA /* ApplicationTableViewCell.m in Sources */,
				4D6349DB1E2D2E380051D4DF /* TutorialPageViewController.m in Sources */,
				4D8F980B1E29DAA40070B586 /* util.c in Sources */,
				4DE570481E2ADA0600D55FBA /* (null) in Sources */,
				4D6349DE1E2D2E680051D4DF /* TutorialViewController.m in Sources */,
				4DE5704B1E2AE47500D55FBA /* ApplicationDataController.m in Sources */,
				4D94A84C1E31B6A400D5E202 /* AESCryptor.m in Sources */,
				4D6349D21E2D218F0051D4DF /* DerivePass.xcdatamodeld in Sources */,
				4D3F05321E326DDF00CA1C2A /* Helpers.m in Sources */,
				4D94A8451E31452500D5E202 /* Application+CoreDataClass.m in Sources */,
				4D6349E11E2D45690051D4DF /* TutorialFinalViewController.m in Sources */,
			);
			runOnlyForDeploymentPostprocessing = 0;
		};
/* End PBXSourcesBuildPhase section */

/* Begin PBXTargetDependency section */
		4D3F053F1E3274E200CA1C2A /* PBXTargetDependency */ = {
			isa = PBXTargetDependency;
			target = 4D8F97E21E29D9FF0070B586 /* DerivePass */;
			targetProxy = 4D3F053E1E3274E200CA1C2A /* PBXContainerItemProxy */;
		};
		4D73B7CE1E33303000F3CF87 /* PBXTargetDependency */ = {
			isa = PBXTargetDependency;
			target = 4D8F97E21E29D9FF0070B586 /* DerivePass */;
			targetProxy = 4D73B7CD1E33303000F3CF87 /* PBXContainerItemProxy */;
		};
/* End PBXTargetDependency section */

/* Begin PBXVariantGroup section */
		4D8F97EF1E29D9FF0070B586 /* Main.storyboard */ = {
			isa = PBXVariantGroup;
			children = (
				4D8F97F01E29D9FF0070B586 /* Base */,
			);
			name = Main.storyboard;
			sourceTree = "<group>";
		};
		4D8F97F71E29D9FF0070B586 /* LaunchScreen.storyboard */ = {
			isa = PBXVariantGroup;
			children = (
				4D8F97F81E29D9FF0070B586 /* Base */,
			);
			name = LaunchScreen.storyboard;
			sourceTree = "<group>";
		};
/* End PBXVariantGroup section */

/* Begin XCBuildConfiguration section */
		4D3F05411E3274E200CA1C2A /* Debug */ = {
			isa = XCBuildConfiguration;
			buildSettings = {
				BUNDLE_LOADER = "$(TEST_HOST)";
				INFOPLIST_FILE = DerivePassTests/Info.plist;
				IPHONEOS_DEPLOYMENT_TARGET = 10.2;
				LD_RUNPATH_SEARCH_PATHS = "$(inherited) @executable_path/Frameworks @loader_path/Frameworks";
				PRODUCT_BUNDLE_IDENTIFIER = indutny.DerivePassTests;
				PRODUCT_NAME = "$(TARGET_NAME)";
				TEST_HOST = "$(BUILT_PRODUCTS_DIR)/DerivePass.app/DerivePass";
			};
			name = Debug;
		};
		4D3F05421E3274E200CA1C2A /* Release */ = {
			isa = XCBuildConfiguration;
			buildSettings = {
				BUNDLE_LOADER = "$(TEST_HOST)";
				INFOPLIST_FILE = DerivePassTests/Info.plist;
				IPHONEOS_DEPLOYMENT_TARGET = 10.2;
				LD_RUNPATH_SEARCH_PATHS = "$(inherited) @executable_path/Frameworks @loader_path/Frameworks";
				PRODUCT_BUNDLE_IDENTIFIER = indutny.DerivePassTests;
				PRODUCT_NAME = "$(TARGET_NAME)";
				TEST_HOST = "$(BUILT_PRODUCTS_DIR)/DerivePass.app/DerivePass";
			};
			name = Release;
		};
		4D73B7CF1E33303000F3CF87 /* Debug */ = {
			isa = XCBuildConfiguration;
			buildSettings = {
				FRAMEWORK_SEARCH_PATHS = ../../deps/scrypt/out/Release/iphoneos;
				HEADER_SEARCH_PATHS = (
					../../deps/scrypt/include,
					../../,
				);
				INFOPLIST_FILE = DerivePassUITests/Info.plist;
				IPHONEOS_DEPLOYMENT_TARGET = 10.2;
				LD_RUNPATH_SEARCH_PATHS = "$(inherited) @executable_path/Frameworks @loader_path/Frameworks";
				PRODUCT_BUNDLE_IDENTIFIER = indutny.DerivePassUITests;
				PRODUCT_NAME = "$(TARGET_NAME)";
				TEST_TARGET_NAME = DerivePass;
			};
			name = Debug;
		};
		4D73B7D01E33303000F3CF87 /* Release */ = {
			isa = XCBuildConfiguration;
			buildSettings = {
				FRAMEWORK_SEARCH_PATHS = ../../deps/scrypt/out/Release/iphoneos;
				HEADER_SEARCH_PATHS = (
					../../deps/scrypt/include,
					../../,
				);
				INFOPLIST_FILE = DerivePassUITests/Info.plist;
				IPHONEOS_DEPLOYMENT_TARGET = 10.2;
				LD_RUNPATH_SEARCH_PATHS = "$(inherited) @executable_path/Frameworks @loader_path/Frameworks";
				PRODUCT_BUNDLE_IDENTIFIER = indutny.DerivePassUITests;
				PRODUCT_NAME = "$(TARGET_NAME)";
				TEST_TARGET_NAME = DerivePass;
			};
			name = Release;
		};
		4D8F97FB1E29D9FF0070B586 /* Debug */ = {
			isa = XCBuildConfiguration;
			buildSettings = {
				ALWAYS_SEARCH_USER_PATHS = NO;
				CLANG_ANALYZER_NONNULL = YES;
				CLANG_CXX_LANGUAGE_STANDARD = "gnu++0x";
				CLANG_CXX_LIBRARY = "libc++";
				CLANG_ENABLE_MODULES = YES;
				CLANG_ENABLE_OBJC_ARC = YES;
				CLANG_WARN_BOOL_CONVERSION = YES;
				CLANG_WARN_CONSTANT_CONVERSION = YES;
				CLANG_WARN_DIRECT_OBJC_ISA_USAGE = YES_ERROR;
				CLANG_WARN_DOCUMENTATION_COMMENTS = YES;
				CLANG_WARN_EMPTY_BODY = YES;
				CLANG_WARN_ENUM_CONVERSION = YES;
				CLANG_WARN_INFINITE_RECURSION = YES;
				CLANG_WARN_INT_CONVERSION = YES;
				CLANG_WARN_OBJC_ROOT_CLASS = YES_ERROR;
				CLANG_WARN_SUSPICIOUS_MOVE = YES;
				CLANG_WARN_UNREACHABLE_CODE = YES;
				CLANG_WARN__DUPLICATE_METHOD_MATCH = YES;
				CODE_SIGN_IDENTITY = "iPhone Developer";
				"CODE_SIGN_IDENTITY[sdk=iphoneos*]" = "iPhone Developer";
				COPY_PHASE_STRIP = NO;
				DEBUG_INFORMATION_FORMAT = dwarf;
				ENABLE_STRICT_OBJC_MSGSEND = YES;
				ENABLE_TESTABILITY = YES;
				GCC_C_LANGUAGE_STANDARD = gnu99;
				GCC_DYNAMIC_NO_PIC = NO;
				GCC_NO_COMMON_BLOCKS = YES;
				GCC_OPTIMIZATION_LEVEL = 0;
				GCC_PREPROCESSOR_DEFINITIONS = (
					"DEBUG=1",
					"$(inherited)",
				);
				GCC_WARN_64_TO_32_BIT_CONVERSION = YES;
				GCC_WARN_ABOUT_RETURN_TYPE = YES_ERROR;
				GCC_WARN_UNDECLARED_SELECTOR = YES;
				GCC_WARN_UNINITIALIZED_AUTOS = YES_AGGRESSIVE;
				GCC_WARN_UNUSED_FUNCTION = YES;
				GCC_WARN_UNUSED_VARIABLE = YES;
				IPHONEOS_DEPLOYMENT_TARGET = 10.0;
				MTL_ENABLE_DEBUG_INFO = YES;
				ONLY_ACTIVE_ARCH = YES;
				SDKROOT = iphoneos;
				TARGETED_DEVICE_FAMILY = "1,2";
			};
			name = Debug;
		};
		4D8F97FC1E29D9FF0070B586 /* Release */ = {
			isa = XCBuildConfiguration;
			buildSettings = {
				ALWAYS_SEARCH_USER_PATHS = NO;
				CLANG_ANALYZER_NONNULL = YES;
				CLANG_CXX_LANGUAGE_STANDARD = "gnu++0x";
				CLANG_CXX_LIBRARY = "libc++";
				CLANG_ENABLE_MODULES = YES;
				CLANG_ENABLE_OBJC_ARC = YES;
				CLANG_WARN_BOOL_CONVERSION = YES;
				CLANG_WARN_CONSTANT_CONVERSION = YES;
				CLANG_WARN_DIRECT_OBJC_ISA_USAGE = YES_ERROR;
				CLANG_WARN_DOCUMENTATION_COMMENTS = YES;
				CLANG_WARN_EMPTY_BODY = YES;
				CLANG_WARN_ENUM_CONVERSION = YES;
				CLANG_WARN_INFINITE_RECURSION = YES;
				CLANG_WARN_INT_CONVERSION = YES;
				CLANG_WARN_OBJC_ROOT_CLASS = YES_ERROR;
				CLANG_WARN_SUSPICIOUS_MOVE = YES;
				CLANG_WARN_UNREACHABLE_CODE = YES;
				CLANG_WARN__DUPLICATE_METHOD_MATCH = YES;
				CODE_SIGN_IDENTITY = "iPhone Developer";
				"CODE_SIGN_IDENTITY[sdk=iphoneos*]" = "iPhone Developer";
				COPY_PHASE_STRIP = NO;
				DEBUG_INFORMATION_FORMAT = "dwarf-with-dsym";
				ENABLE_NS_ASSERTIONS = NO;
				ENABLE_STRICT_OBJC_MSGSEND = YES;
				GCC_C_LANGUAGE_STANDARD = gnu99;
				GCC_NO_COMMON_BLOCKS = YES;
				GCC_WARN_64_TO_32_BIT_CONVERSION = YES;
				GCC_WARN_ABOUT_RETURN_TYPE = YES_ERROR;
				GCC_WARN_UNDECLARED_SELECTOR = YES;
				GCC_WARN_UNINITIALIZED_AUTOS = YES_AGGRESSIVE;
				GCC_WARN_UNUSED_FUNCTION = YES;
				GCC_WARN_UNUSED_VARIABLE = YES;
				IPHONEOS_DEPLOYMENT_TARGET = 10.0;
				MTL_ENABLE_DEBUG_INFO = NO;
				SDKROOT = iphoneos;
				TARGETED_DEVICE_FAMILY = "1,2";
				VALIDATE_PRODUCT = YES;
			};
			name = Release;
		};
		4D8F97FE1E29D9FF0070B586 /* Debug */ = {
			isa = XCBuildConfiguration;
			buildSettings = {
				ASSETCATALOG_COMPILER_APPICON_NAME = AppIcon;
				ASSETCATALOG_COMPILER_LAUNCHIMAGE_NAME = "";
				CODE_SIGN_ENTITLEMENTS = DerivePass/DerivePass.entitlements;
				CODE_SIGN_IDENTITY = "iPhone Developer";
				"CODE_SIGN_IDENTITY[sdk=iphoneos*]" = "iPhone Developer";
				DEVELOPMENT_TEAM = VHWE95VV4E;
				FRAMEWORK_SEARCH_PATHS = ../../deps/scrypt/out/Release/iphoneos/;
				HEADER_SEARCH_PATHS = (
					../../,
					../../deps/scrypt/include/,
				);
				INFOPLIST_FILE = DerivePass/Info.plist;
				LD_RUNPATH_SEARCH_PATHS = "$(inherited) @executable_path/Frameworks";
				PRODUCT_BUNDLE_IDENTIFIER = com.indutny.DerivePass;
				PRODUCT_NAME = "$(TARGET_NAME)";
			};
			name = Debug;
		};
		4D8F97FF1E29D9FF0070B586 /* Release */ = {
			isa = XCBuildConfiguration;
			buildSettings = {
				ASSETCATALOG_COMPILER_APPICON_NAME = AppIcon;
				ASSETCATALOG_COMPILER_LAUNCHIMAGE_NAME = "";
				CODE_SIGN_ENTITLEMENTS = DerivePass/DerivePass.entitlements;
				CODE_SIGN_IDENTITY = "iPhone Developer";
				DEVELOPMENT_TEAM = VHWE95VV4E;
				FRAMEWORK_SEARCH_PATHS = ../../deps/scrypt/out/Release/iphoneos/;
				HEADER_SEARCH_PATHS = (
					../../,
					../../deps/scrypt/include/,
				);
				INFOPLIST_FILE = DerivePass/Info.plist;
				LD_RUNPATH_SEARCH_PATHS = "$(inherited) @executable_path/Frameworks";
				PRODUCT_BUNDLE_IDENTIFIER = com.indutny.DerivePass;
				PRODUCT_NAME = "$(TARGET_NAME)";
			};
			name = Release;
		};
/* End XCBuildConfiguration section */

/* Begin XCConfigurationList section */
		4D3F05401E3274E200CA1C2A /* Build configuration list for PBXNativeTarget "DerivePassTests" */ = {
			isa = XCConfigurationList;
			buildConfigurations = (
				4D3F05411E3274E200CA1C2A /* Debug */,
				4D3F05421E3274E200CA1C2A /* Release */,
			);
			defaultConfigurationIsVisible = 0;
			defaultConfigurationName = Release;
		};
		4D73B7D11E33303000F3CF87 /* Build configuration list for PBXNativeTarget "DerivePassUITests" */ = {
			isa = XCConfigurationList;
			buildConfigurations = (
				4D73B7CF1E33303000F3CF87 /* Debug */,
				4D73B7D01E33303000F3CF87 /* Release */,
			);
			defaultConfigurationIsVisible = 0;
			defaultConfigurationName = Release;
		};
		4D8F97DE1E29D9FF0070B586 /* Build configuration list for PBXProject "DerivePass" */ = {
			isa = XCConfigurationList;
			buildConfigurations = (
				4D8F97FB1E29D9FF0070B586 /* Debug */,
				4D8F97FC1E29D9FF0070B586 /* Release */,
			);
			defaultConfigurationIsVisible = 0;
			defaultConfigurationName = Release;
		};
		4D8F97FD1E29D9FF0070B586 /* Build configuration list for PBXNativeTarget "DerivePass" */ = {
			isa = XCConfigurationList;
			buildConfigurations = (
				4D8F97FE1E29D9FF0070B586 /* Debug */,
				4D8F97FF1E29D9FF0070B586 /* Release */,
			);
			defaultConfigurationIsVisible = 0;
			defaultConfigurationName = Release;
		};
/* End XCConfigurationList section */

/* Begin XCVersionGroup section */
		4D6349D01E2D218F0051D4DF /* DerivePass.xcdatamodeld */ = {
			isa = XCVersionGroup;
			children = (
				4D6349D11E2D218F0051D4DF /* DerivePass.xcdatamodel */,
			);
			currentVersion = 4D6349D11E2D218F0051D4DF /* DerivePass.xcdatamodel */;
			path = DerivePass.xcdatamodeld;
			sourceTree = "<group>";
			versionGroupType = wrapper.xcdatamodel;
		};
/* End XCVersionGroup section */
	};
	rootObject = 4D8F97DB1E29D9FF0070B586 /* Project object */;
}
